
Microsoft Visual Studio Solution File, Format Version 12.00
# Visual Studio Version 17
VisualStudioVersion = 17.0.31919.166
MinimumVisualStudioVersion = 10.0.40219.1
Project("{9A19103F-16F7-4668-BE54-9A1E7A4F7556}") = "Igtampe.Altitude.Common", "Igtampe.Altitude.Common\Igtampe.Altitude.Common.csproj", "{A524FC78-6B5E-40B4-8877-417609D06832}"
EndProject
Project("{FAE04EC0-301F-11D3-BF4B-00C04F79EFBC}") = "Igtampe.Altitude.Data", "Igtampe.Altitude.Data\Igtampe.Altitude.Data.csproj", "{0BE1E55F-F775-4745-A727-E909F5CFD1F0}"
EndProject
Project("{FAE04EC0-301F-11D3-BF4B-00C04F79EFBC}") = "Igtampe.Altitude.API", "Igtampe.Altitude.API\Igtampe.Altitude.API.csproj", "{AB1F1263-790E-4E76-B432-547FD253379D}"
EndProject
Global
	GlobalSection(SolutionConfigurationPlatforms) = preSolution
		Debug|Any CPU = Debug|Any CPU
		Release|Any CPU = Release|Any CPU
	EndGlobalSection
	GlobalSection(ProjectConfigurationPlatforms) = postSolution
		{A524FC78-6B5E-40B4-8877-417609D06832}.Debug|Any CPU.ActiveCfg = Debug|Any CPU
		{A524FC78-6B5E-40B4-8877-417609D06832}.Debug|Any CPU.Build.0 = Debug|Any CPU
		{A524FC78-6B5E-40B4-8877-417609D06832}.Release|Any CPU.ActiveCfg = Release|Any CPU
		{A524FC78-6B5E-40B4-8877-417609D06832}.Release|Any CPU.Build.0 = Release|Any CPU
		{0BE1E55F-F775-4745-A727-E909F5CFD1F0}.Debug|Any CPU.ActiveCfg = Debug|Any CPU
		{0BE1E55F-F775-4745-A727-E909F5CFD1F0}.Debug|Any CPU.Build.0 = Debug|Any CPU
		{0BE1E55F-F775-4745-A727-E909F5CFD1F0}.Release|Any CPU.ActiveCfg = Release|Any CPU
		{0BE1E55F-F775-4745-A727-E909F5CFD1F0}.Release|Any CPU.Build.0 = Release|Any CPU
		{AB1F1263-790E-4E76-B432-547FD253379D}.Debug|Any CPU.ActiveCfg = Debug|Any CPU
		{AB1F1263-790E-4E76-B432-547FD253379D}.Debug|Any CPU.Build.0 = Debug|Any CPU
		{AB1F1263-790E-4E76-B432-547FD253379D}.Release|Any CPU.ActiveCfg = Release|Any CPU
		{AB1F1263-790E-4E76-B432-547FD253379D}.Release|Any CPU.Build.0 = Release|Any CPU
	EndGlobalSection
	GlobalSection(SolutionProperties) = preSolution
		HideSolutionNode = FALSE
	EndGlobalSection
	GlobalSection(ExtensibilityGlobals) = postSolution
		SolutionGuid = {1BC79593-8EA7-43A4-879E-2A68BCF58C0E}
	EndGlobalSection
EndGlobal
